
Microsoft Visual Studio Solution File, Format Version 12.00
# Visual Studio 15
VisualStudioVersion = 15.0.27130.2010
MinimumVisualStudioVersion = 10.0.40219.1
Project("{FAE04EC0-301F-11D3-BF4B-00C04F79EFBC}") = "SimTest", "SimTest\SimTest.csproj", "{65DBED10-C57E-43AA-B0F8-75BFC46A52EB}"
EndProject
Global
	GlobalSection(SolutionConfigurationPlatforms) = preSolution
		Debug|Any CPU = Debug|Any CPU
		Release|Any CPU = Release|Any CPU
	EndGlobalSection
	GlobalSection(ProjectConfigurationPlatforms) = postSolution
		{65DBED10-C57E-43AA-B0F8-75BFC46A52EB}.Debug|Any CPU.ActiveCfg = Debug|Any CPU
		{65DBED10-C57E-43AA-B0F8-75BFC46A52EB}.Debug|Any CPU.Build.0 = Debug|Any CPU
		{65DBED10-C57E-43AA-B0F8-75BFC46A52EB}.Release|Any CPU.ActiveCfg = Release|Any CPU
		{65DBED10-C57E-43AA-B0F8-75BFC46A52EB}.Release|Any CPU.Build.0 = Release|Any CPU
	EndGlobalSection
	GlobalSection(SolutionProperties) = preSolution
		HideSolutionNode = FALSE
	EndGlobalSection
	GlobalSection(ExtensibilityGlobals) = postSolution
		SolutionGuid = {79E10CAB-0E63-4566-964E-8248A78E7129}
	EndGlobalSection
EndGlobal
